
Microsoft Visual Studio Solution File, Format Version 12.00
# Visual Studio 15
VisualStudioVersion = 15.0.26430.12
MinimumVisualStudioVersion = 10.0.40219.1
Project("{FAE04EC0-301F-11D3-BF4B-00C04F79EFBC}") = "SimpleExcelViewer.MVC", "SimpleExcelViewer\SimpleExcelViewer.MVC.csproj", "{209CE728-F82E-4F0B-A35E-DAEC438F7B72}"
EndProject
Project("{FAE04EC0-301F-11D3-BF4B-00C04F79EFBC}") = "SimpleExcelViewer.Domain", "SimpleExcelViewer.Domain\SimpleExcelViewer.Domain.csproj", "{97D6ED8B-4F4C-4FA1-9B05-6D3902CA7E4F}"
EndProject
Project("{FAE04EC0-301F-11D3-BF4B-00C04F79EFBC}") = "SimpleExcelViewer.Utils", "SimpleExcelViewer.Utils\SimpleExcelViewer.Utils.csproj", "{52E5D42A-9658-4763-BF20-D13E6DF90C88}"
EndProject
Project("{FAE04EC0-301F-11D3-BF4B-00C04F79EFBC}") = "SimpleExcelViewer.Infrastructure", "SimpleExcelViewer.Infrastructure\SimpleExcelViewer.Infrastructure.csproj", "{4C54F8C5-B44F-4CEA-B3A2-5FE41DD645D7}"
EndProject
Project("{FAE04EC0-301F-11D3-BF4B-00C04F79EFBC}") = "SimpleExcelViewer.Logic", "SimpleExcelViewer.Logic\SimpleExcelViewer.Logic.csproj", "{A9C60633-0B8F-4B7A-86EE-E54EDBBB739C}"
EndProject
Global
	GlobalSection(SolutionConfigurationPlatforms) = preSolution
		Debug|Any CPU = Debug|Any CPU
		Release|Any CPU = Release|Any CPU
	EndGlobalSection
	GlobalSection(ProjectConfigurationPlatforms) = postSolution
		{209CE728-F82E-4F0B-A35E-DAEC438F7B72}.Debug|Any CPU.ActiveCfg = Debug|Any CPU
		{209CE728-F82E-4F0B-A35E-DAEC438F7B72}.Debug|Any CPU.Build.0 = Debug|Any CPU
		{209CE728-F82E-4F0B-A35E-DAEC438F7B72}.Release|Any CPU.ActiveCfg = Release|Any CPU
		{209CE728-F82E-4F0B-A35E-DAEC438F7B72}.Release|Any CPU.Build.0 = Release|Any CPU
		{97D6ED8B-4F4C-4FA1-9B05-6D3902CA7E4F}.Debug|Any CPU.ActiveCfg = Debug|Any CPU
		{97D6ED8B-4F4C-4FA1-9B05-6D3902CA7E4F}.Debug|Any CPU.Build.0 = Debug|Any CPU
		{97D6ED8B-4F4C-4FA1-9B05-6D3902CA7E4F}.Release|Any CPU.ActiveCfg = Release|Any CPU
		{97D6ED8B-4F4C-4FA1-9B05-6D3902CA7E4F}.Release|Any CPU.Build.0 = Release|Any CPU
		{52E5D42A-9658-4763-BF20-D13E6DF90C88}.Debug|Any CPU.ActiveCfg = Debug|Any CPU
		{52E5D42A-9658-4763-BF20-D13E6DF90C88}.Debug|Any CPU.Build.0 = Debug|Any CPU
		{52E5D42A-9658-4763-BF20-D13E6DF90C88}.Release|Any CPU.ActiveCfg = Release|Any CPU
		{52E5D42A-9658-4763-BF20-D13E6DF90C88}.Release|Any CPU.Build.0 = Release|Any CPU
		{4C54F8C5-B44F-4CEA-B3A2-5FE41DD645D7}.Debug|Any CPU.ActiveCfg = Debug|Any CPU
		{4C54F8C5-B44F-4CEA-B3A2-5FE41DD645D7}.Debug|Any CPU.Build.0 = Debug|Any CPU
		{4C54F8C5-B44F-4CEA-B3A2-5FE41DD645D7}.Release|Any CPU.ActiveCfg = Release|Any CPU
		{4C54F8C5-B44F-4CEA-B3A2-5FE41DD645D7}.Release|Any CPU.Build.0 = Release|Any CPU
		{A9C60633-0B8F-4B7A-86EE-E54EDBBB739C}.Debug|Any CPU.ActiveCfg = Debug|Any CPU
		{A9C60633-0B8F-4B7A-86EE-E54EDBBB739C}.Debug|Any CPU.Build.0 = Debug|Any CPU
		{A9C60633-0B8F-4B7A-86EE-E54EDBBB739C}.Release|Any CPU.ActiveCfg = Release|Any CPU
		{A9C60633-0B8F-4B7A-86EE-E54EDBBB739C}.Release|Any CPU.Build.0 = Release|Any CPU
	EndGlobalSection
	GlobalSection(SolutionProperties) = preSolution
		HideSolutionNode = FALSE
	EndGlobalSection
EndGlobal
